
Microsoft Visual Studio Solution File, Format Version 12.00
# Visual Studio Version 16
VisualStudioVersion = 16.0.29230.47
MinimumVisualStudioVersion = 10.0.40219.1
Project("{9A19103F-16F7-4668-BE54-9A1E7A4F7556}") = "MostOccurences", "MostOccurences\MostOccurences.csproj", "{1FB632ED-B567-418F-A156-D54E5BDD9256}"
EndProject
Project("{FAE04EC0-301F-11D3-BF4B-00C04F79EFBC}") = "IsAnagram", "IsAnagram\IsAnagram.csproj", "{A2676E0E-04BF-4891-9255-550E137A2B0F}"
EndProject
Global
	GlobalSection(SolutionConfigurationPlatforms) = preSolution
		Debug|Any CPU = Debug|Any CPU
		Release|Any CPU = Release|Any CPU
	EndGlobalSection
	GlobalSection(ProjectConfigurationPlatforms) = postSolution
		{1FB632ED-B567-418F-A156-D54E5BDD9256}.Debug|Any CPU.ActiveCfg = Debug|Any CPU
		{1FB632ED-B567-418F-A156-D54E5BDD9256}.Debug|Any CPU.Build.0 = Debug|Any CPU
		{1FB632ED-B567-418F-A156-D54E5BDD9256}.Release|Any CPU.ActiveCfg = Release|Any CPU
		{1FB632ED-B567-418F-A156-D54E5BDD9256}.Release|Any CPU.Build.0 = Release|Any CPU
		{A2676E0E-04BF-4891-9255-550E137A2B0F}.Debug|Any CPU.ActiveCfg = Debug|Any CPU
		{A2676E0E-04BF-4891-9255-550E137A2B0F}.Debug|Any CPU.Build.0 = Debug|Any CPU
		{A2676E0E-04BF-4891-9255-550E137A2B0F}.Release|Any CPU.ActiveCfg = Release|Any CPU
		{A2676E0E-04BF-4891-9255-550E137A2B0F}.Release|Any CPU.Build.0 = Release|Any CPU
	EndGlobalSection
	GlobalSection(SolutionProperties) = preSolution
		HideSolutionNode = FALSE
	EndGlobalSection
	GlobalSection(ExtensibilityGlobals) = postSolution
		SolutionGuid = {F311F13A-0387-4FBD-9643-221A9EDE02C8}
	EndGlobalSection
EndGlobal
